
Microsoft Visual Studio Solution File, Format Version 12.00
# Visual Studio Version 17
VisualStudioVersion = 17.3.32929.385
MinimumVisualStudioVersion = 10.0.40219.1
Project("{9A19103F-16F7-4668-BE54-9A1E7A4F7556}") = "CaaS.Core", "CaaS.Core\CaaS.Core.csproj", "{FCF7CC05-DADB-49DC-856C-755FC4B08653}"
EndProject
Project("{9A19103F-16F7-4668-BE54-9A1E7A4F7556}") = "CaaS.Core.Test", "CaaS.Core.Test\CaaS.Core.Test.csproj", "{67B751AB-B00B-400F-B9EC-E244FBF709A8}"
EndProject
Project("{9A19103F-16F7-4668-BE54-9A1E7A4F7556}") = "CaaS.Api", "CaaS.Api\CaaS.Api.csproj", "{94A2E1AC-D66F-4FEE-B6FE-88DC871834A9}"
EndProject
Project("{9A19103F-16F7-4668-BE54-9A1E7A4F7556}") = "CaaS.Api.Test", "CaaS.Api.Test\CaaS.Api.Test.csproj", "{847BB9A7-22A6-4B9E-B39A-0B8D324315BE}"
EndProject
Project("{9A19103F-16F7-4668-BE54-9A1E7A4F7556}") = "Caas.Core.Common", "Caas.Core.Common\Caas.Core.Common.csproj", "{7B126CCC-01F4-4646-A088-5D7BB89E55E1}"
EndProject
Project("{2150E333-8FDC-42A3-9474-1A3956D46DE8}") = "Docker", "Docker", "{23226C40-B51F-4AAE-BC9E-EE8A21309631}"
EndProject
Project("{2150E333-8FDC-42A3-9474-1A3956D46DE8}") = "db_dev", "db_dev", "{045B6764-BAED-4A85-B243-2913489DBEF9}"
	ProjectSection(SolutionItems) = preProject
		Docker\db_dev\build_dev_db.bat = Docker\db_dev\build_dev_db.bat
		Docker\db_dev\caas_schema.sql = Docker\db_dev\caas_schema.sql
		Docker\db_dev\Dockerfile = Docker\db_dev\Dockerfile
		Docker\db_dev\init.sql = Docker\db_dev\init.sql
		Docker\db_dev\remove_dev_db_container.bat = Docker\db_dev\remove_dev_db_container.bat
		Docker\db_dev\run_dev_db.bat = Docker\db_dev\run_dev_db.bat
		Docker\db_dev\run_mysqladmin_container.bat = Docker\db_dev\run_mysqladmin_container.bat
	EndProjectSection
EndProject
Project("{9A19103F-16F7-4668-BE54-9A1E7A4F7556}") = "CaaS.Util", "CaaS.Util\CaaS.Util.csproj", "{0E7A0726-45C5-4E4C-9603-61B7B61D1D4C}"
EndProject
Project("{2150E333-8FDC-42A3-9474-1A3956D46DE8}") = "Tools", "Tools", "{D5E8A104-81C4-45CB-B05D-9A7B96BD4CD1}"
EndProject
Project("{9A19103F-16F7-4668-BE54-9A1E7A4F7556}") = "CaaS.Tools.Test.Data.Sql.InsertGenerator", "CaaS.Tools.Test.Data.Sql.InsertGenerator\CaaS.Tools.Test.Data.Sql.InsertGenerator.csproj", "{3F156F94-1558-47DC-A28F-500E841D1462}"
EndProject
Project("{2150E333-8FDC-42A3-9474-1A3956D46DE8}") = "test", "test", "{D03E3C38-7FC0-4450-9B68-B12D19BB0B8A}"
	ProjectSection(SolutionItems) = preProject
		Tests.Dockerfile = Tests.Dockerfile
	EndProjectSection
EndProject
Project("{E53339B2-1760-4266-BCC7-CA923CBCF16C}") = "docker-compose", "docker-compose.dcproj", "{7CAEB4D4-2632-4286-9B37-9A92B4157229}"
EndProject
Global
	GlobalSection(SolutionConfigurationPlatforms) = preSolution
		Debug|Any CPU = Debug|Any CPU
		Release|Any CPU = Release|Any CPU
	EndGlobalSection
	GlobalSection(ProjectConfigurationPlatforms) = postSolution
		{FCF7CC05-DADB-49DC-856C-755FC4B08653}.Debug|Any CPU.ActiveCfg = Debug|Any CPU
		{FCF7CC05-DADB-49DC-856C-755FC4B08653}.Debug|Any CPU.Build.0 = Debug|Any CPU
		{FCF7CC05-DADB-49DC-856C-755FC4B08653}.Release|Any CPU.ActiveCfg = Release|Any CPU
		{FCF7CC05-DADB-49DC-856C-755FC4B08653}.Release|Any CPU.Build.0 = Release|Any CPU
		{67B751AB-B00B-400F-B9EC-E244FBF709A8}.Debug|Any CPU.ActiveCfg = Debug|Any CPU
		{67B751AB-B00B-400F-B9EC-E244FBF709A8}.Debug|Any CPU.Build.0 = Debug|Any CPU
		{67B751AB-B00B-400F-B9EC-E244FBF709A8}.Release|Any CPU.ActiveCfg = Release|Any CPU
		{67B751AB-B00B-400F-B9EC-E244FBF709A8}.Release|Any CPU.Build.0 = Release|Any CPU
		{94A2E1AC-D66F-4FEE-B6FE-88DC871834A9}.Debug|Any CPU.ActiveCfg = Debug|Any CPU
		{94A2E1AC-D66F-4FEE-B6FE-88DC871834A9}.Debug|Any CPU.Build.0 = Debug|Any CPU
		{94A2E1AC-D66F-4FEE-B6FE-88DC871834A9}.Release|Any CPU.ActiveCfg = Release|Any CPU
		{94A2E1AC-D66F-4FEE-B6FE-88DC871834A9}.Release|Any CPU.Build.0 = Release|Any CPU
		{847BB9A7-22A6-4B9E-B39A-0B8D324315BE}.Debug|Any CPU.ActiveCfg = Debug|Any CPU
		{847BB9A7-22A6-4B9E-B39A-0B8D324315BE}.Debug|Any CPU.Build.0 = Debug|Any CPU
		{847BB9A7-22A6-4B9E-B39A-0B8D324315BE}.Release|Any CPU.ActiveCfg = Release|Any CPU
		{847BB9A7-22A6-4B9E-B39A-0B8D324315BE}.Release|Any CPU.Build.0 = Release|Any CPU
		{7B126CCC-01F4-4646-A088-5D7BB89E55E1}.Debug|Any CPU.ActiveCfg = Debug|Any CPU
		{7B126CCC-01F4-4646-A088-5D7BB89E55E1}.Debug|Any CPU.Build.0 = Debug|Any CPU
		{7B126CCC-01F4-4646-A088-5D7BB89E55E1}.Release|Any CPU.ActiveCfg = Release|Any CPU
		{7B126CCC-01F4-4646-A088-5D7BB89E55E1}.Release|Any CPU.Build.0 = Release|Any CPU
		{0E7A0726-45C5-4E4C-9603-61B7B61D1D4C}.Debug|Any CPU.ActiveCfg = Debug|Any CPU
		{0E7A0726-45C5-4E4C-9603-61B7B61D1D4C}.Debug|Any CPU.Build.0 = Debug|Any CPU
		{0E7A0726-45C5-4E4C-9603-61B7B61D1D4C}.Release|Any CPU.ActiveCfg = Release|Any CPU
		{0E7A0726-45C5-4E4C-9603-61B7B61D1D4C}.Release|Any CPU.Build.0 = Release|Any CPU
		{3F156F94-1558-47DC-A28F-500E841D1462}.Debug|Any CPU.ActiveCfg = Debug|Any CPU
		{3F156F94-1558-47DC-A28F-500E841D1462}.Debug|Any CPU.Build.0 = Debug|Any CPU
		{3F156F94-1558-47DC-A28F-500E841D1462}.Release|Any CPU.ActiveCfg = Release|Any CPU
		{3F156F94-1558-47DC-A28F-500E841D1462}.Release|Any CPU.Build.0 = Release|Any CPU
		{7CAEB4D4-2632-4286-9B37-9A92B4157229}.Debug|Any CPU.ActiveCfg = Debug|Any CPU
		{7CAEB4D4-2632-4286-9B37-9A92B4157229}.Debug|Any CPU.Build.0 = Debug|Any CPU
		{7CAEB4D4-2632-4286-9B37-9A92B4157229}.Release|Any CPU.ActiveCfg = Release|Any CPU
		{7CAEB4D4-2632-4286-9B37-9A92B4157229}.Release|Any CPU.Build.0 = Release|Any CPU
	EndGlobalSection
	GlobalSection(SolutionProperties) = preSolution
		HideSolutionNode = FALSE
	EndGlobalSection
	GlobalSection(NestedProjects) = preSolution
		{045B6764-BAED-4A85-B243-2913489DBEF9} = {23226C40-B51F-4AAE-BC9E-EE8A21309631}
		{3F156F94-1558-47DC-A28F-500E841D1462} = {D5E8A104-81C4-45CB-B05D-9A7B96BD4CD1}
		{D03E3C38-7FC0-4450-9B68-B12D19BB0B8A} = {23226C40-B51F-4AAE-BC9E-EE8A21309631}
	EndGlobalSection
	GlobalSection(ExtensibilityGlobals) = postSolution
		SolutionGuid = {938ED132-689A-4A78-8D61-86BCDE9F9B5E}
	EndGlobalSection
EndGlobal
